
Microsoft Visual Studio Solution File, Format Version 12.00
# Visual Studio Version 16
VisualStudioVersion = 16.0.29609.76
MinimumVisualStudioVersion = 10.0.40219.1
Project("{FAE04EC0-301F-11D3-BF4B-00C04F79EFBC}") = "EFWorkforce", "EFWorkforce\EFWorkforce.csproj", "{C05CE877-0120-47BD-85C1-79D48874FF19}"
EndProject
Global
	GlobalSection(SolutionConfigurationPlatforms) = preSolution
		Debug|Any CPU = Debug|Any CPU
		Release|Any CPU = Release|Any CPU
	EndGlobalSection
	GlobalSection(ProjectConfigurationPlatforms) = postSolution
		{C05CE877-0120-47BD-85C1-79D48874FF19}.Debug|Any CPU.ActiveCfg = Debug|Any CPU
		{C05CE877-0120-47BD-85C1-79D48874FF19}.Debug|Any CPU.Build.0 = Debug|Any CPU
		{C05CE877-0120-47BD-85C1-79D48874FF19}.Release|Any CPU.ActiveCfg = Release|Any CPU
		{C05CE877-0120-47BD-85C1-79D48874FF19}.Release|Any CPU.Build.0 = Release|Any CPU
	EndGlobalSection
	GlobalSection(SolutionProperties) = preSolution
		HideSolutionNode = FALSE
	EndGlobalSection
	GlobalSection(ExtensibilityGlobals) = postSolution
		SolutionGuid = {0A0BCC63-099F-43B8-992E-B079F14EFE65}
	EndGlobalSection
EndGlobal
